
Microsoft Visual Studio Solution File, Format Version 12.00
# Visual Studio 15
Project("{FAE04EC0-301F-11D3-BF4B-00C04F79EFBC}") = "Assembly-CSharp", "Assembly-CSharp.csproj", "{15D40708-DF00-EB60-DC73-59BF1ADB6B03}"
EndProject
Global
	GlobalSection(SolutionConfigurationPlatforms) = preSolution
		Debug|Any CPU = Debug|Any CPU
		Release|Any CPU = Release|Any CPU
	EndGlobalSection
	GlobalSection(ProjectConfigurationPlatforms) = postSolution
		{15D40708-DF00-EB60-DC73-59BF1ADB6B03}.Debug|Any CPU.ActiveCfg = Debug|Any CPU
		{15D40708-DF00-EB60-DC73-59BF1ADB6B03}.Debug|Any CPU.Build.0 = Debug|Any CPU
		{15D40708-DF00-EB60-DC73-59BF1ADB6B03}.Release|Any CPU.ActiveCfg = Release|Any CPU
		{15D40708-DF00-EB60-DC73-59BF1ADB6B03}.Release|Any CPU.Build.0 = Release|Any CPU
	EndGlobalSection
	GlobalSection(SolutionProperties) = preSolution
		HideSolutionNode = FALSE
	EndGlobalSection
EndGlobal
